// !$*UTF8*$!
{
	archiveVersion = 1;
	classes = {
	};
	objectVersion = 56;
	objects = {

/* Begin PBXBuildFile section */
		B904B08F29359332008BE140 /* Nunito-Regular.ttf in Resources */ = {isa = PBXBuildFile; fileRef = B904B08C29359309008BE140 /* Nunito-Regular.ttf */; };
		B904B09029359335008BE140 /* Nunito-SemiBold.ttf in Resources */ = {isa = PBXBuildFile; fileRef = B904B08D29359317008BE140 /* Nunito-SemiBold.ttf */; };
		B904B09129359337008BE140 /* Nunito-Light.ttf in Resources */ = {isa = PBXBuildFile; fileRef = B904B08E29359325008BE140 /* Nunito-Light.ttf */; };
		B904B09529359788008BE140 /* DashboardContentView.swift in Sources */ = {isa = PBXBuildFile; fileRef = B904B09429359788008BE140 /* DashboardContentView.swift */; };
		B904B0992936204C008BE140 /* JobData.swift in Sources */ = {isa = PBXBuildFile; fileRef = B904B0982936204C008BE140 /* JobData.swift */; };
		B904B09B29362421008BE140 /* HeaderView.swift in Sources */ = {isa = PBXBuildFile; fileRef = B904B09A29362421008BE140 /* HeaderView.swift */; };
		B93F35DA2A2F4E3D0024C547 /* AddEditViewModel.swift in Sources */ = {isa = PBXBuildFile; fileRef = B93F35D92A2F4E3D0024C547 /* AddEditViewModel.swift */; };
		B953FD832A3C7F5700DEDB1A /* APIConstants.swift in Sources */ = {isa = PBXBuildFile; fileRef = B953FD822A3C7F5700DEDB1A /* APIConstants.swift */; };
		B953FD852A3C817A00DEDB1A /* JobSearchView.swift in Sources */ = {isa = PBXBuildFile; fileRef = B953FD842A3C817A00DEDB1A /* JobSearchView.swift */; };
		B95A3E352937EAAB00518CA3 /* JobList.xcdatamodeld in Sources */ = {isa = PBXBuildFile; fileRef = B95A3E332937EAAB00518CA3 /* JobList.xcdatamodeld */; };
		B95A3E382937EBFC00518CA3 /* Job+CoreDataClass.swift in Sources */ = {isa = PBXBuildFile; fileRef = B95A3E362937EBFC00518CA3 /* Job+CoreDataClass.swift */; };
		B95A3E392937EBFC00518CA3 /* Job+CoreDataProperties.swift in Sources */ = {isa = PBXBuildFile; fileRef = B95A3E372937EBFC00518CA3 /* Job+CoreDataProperties.swift */; };
		B95A3E3B2937ECB000518CA3 /* DataManager.swift in Sources */ = {isa = PBXBuildFile; fileRef = B95A3E3A2937ECB000518CA3 /* DataManager.swift */; };
		B96767172A2EAE4A00B2201B /* Colors.swift in Sources */ = {isa = PBXBuildFile; fileRef = B96767162A2EAE4A00B2201B /* Colors.swift */; };
		B976797D2942070C00F78490 /* NotesFieldView.swift in Sources */ = {isa = PBXBuildFile; fileRef = B976797C2942070C00F78490 /* NotesFieldView.swift */; };
		B97979BA2938CF4300F46578 /* TextFieldView.swift in Sources */ = {isa = PBXBuildFile; fileRef = B97979B92938CF4300F46578 /* TextFieldView.swift */; };
		B97979BC2938D21B00F46578 /* TextFieldStackView.swift in Sources */ = {isa = PBXBuildFile; fileRef = B97979BB2938D21B00F46578 /* TextFieldStackView.swift */; };
		B97C8534297AC8CA0049C636 /* DateFieldView.swift in Sources */ = {isa = PBXBuildFile; fileRef = B97C8533297AC8CA0049C636 /* DateFieldView.swift */; };
		B97E56D62A281E0700661396 /* LaunchView.swift in Sources */ = {isa = PBXBuildFile; fileRef = B97E56D52A281E0700661396 /* LaunchView.swift */; };
		B97E56DC2A28204500661396 /* LaunchViewController.swift in Sources */ = {isa = PBXBuildFile; fileRef = B97E56DB2A28204500661396 /* LaunchViewController.swift */; };
		B97E56DE2A2824BF00661396 /* LaunchScreen.storyboard in Resources */ = {isa = PBXBuildFile; fileRef = B97E56DD2A2824BF00661396 /* LaunchScreen.storyboard */; };
		B98B1FB32A1B810C0045D3F9 /* DashboardViewModel.swift in Sources */ = {isa = PBXBuildFile; fileRef = B98B1FB22A1B810C0045D3F9 /* DashboardViewModel.swift */; };
		B98C1E61296CBD830059E95D /* HeaderCollectionReusableView.swift in Sources */ = {isa = PBXBuildFile; fileRef = B98C1E60296CBD830059E95D /* HeaderCollectionReusableView.swift */; };
		B99A78EB293AEAAB001A5996 /* DetailsStackView.swift in Sources */ = {isa = PBXBuildFile; fileRef = B99A78EA293AEAAB001A5996 /* DetailsStackView.swift */; };
		B9B26F5A2A3B2E5D0008FBA5 /* JobSearchViewController.swift in Sources */ = {isa = PBXBuildFile; fileRef = B9B26F592A3B2E5D0008FBA5 /* JobSearchViewController.swift */; };
		B9B5CAD1292EBA7200C7EC58 /* AppDelegate.swift in Sources */ = {isa = PBXBuildFile; fileRef = B9B5CAD0292EBA7200C7EC58 /* AppDelegate.swift */; };
		B9B5CAD3292EBA7200C7EC58 /* SceneDelegate.swift in Sources */ = {isa = PBXBuildFile; fileRef = B9B5CAD2292EBA7200C7EC58 /* SceneDelegate.swift */; };
		B9B5CAD5292EBA7200C7EC58 /* DashboardViewController.swift in Sources */ = {isa = PBXBuildFile; fileRef = B9B5CAD4292EBA7200C7EC58 /* DashboardViewController.swift */; };
		B9B5CADA292EBA7300C7EC58 /* Assets.xcassets in Resources */ = {isa = PBXBuildFile; fileRef = B9B5CAD9292EBA7300C7EC58 /* Assets.xcassets */; };
		B9BF4C8F2943EEEF005D7D39 /* SettingsViewController.swift in Sources */ = {isa = PBXBuildFile; fileRef = B9BF4C8E2943EEEF005D7D39 /* SettingsViewController.swift */; };
		B9BF4C912943F5BC005D7D39 /* SettingsView.swift in Sources */ = {isa = PBXBuildFile; fileRef = B9BF4C902943F5BC005D7D39 /* SettingsView.swift */; };
		B9C03F1329367D0400ED2AD7 /* AddJobViewController.swift in Sources */ = {isa = PBXBuildFile; fileRef = B9C03F1229367D0400ED2AD7 /* AddJobViewController.swift */; };
		B9C03F152936808B00ED2AD7 /* StatusBoxView.swift in Sources */ = {isa = PBXBuildFile; fileRef = B9C03F142936808B00ED2AD7 /* StatusBoxView.swift */; };
		B9C03F172936832E00ED2AD7 /* StatusBoxesStackView.swift in Sources */ = {isa = PBXBuildFile; fileRef = B9C03F162936832E00ED2AD7 /* StatusBoxesStackView.swift */; };
		B9C03F192936CB5500ED2AD7 /* DashboardCollectionViewCell.swift in Sources */ = {isa = PBXBuildFile; fileRef = B9C03F182936CB5500ED2AD7 /* DashboardCollectionViewCell.swift */; };
		B9C31FEA294028DE00F2AF21 /* EditJobViewController.swift in Sources */ = {isa = PBXBuildFile; fileRef = B9C31FE9294028DE00F2AF21 /* EditJobViewController.swift */; };
		B9C31FEC2940291900F2AF21 /* EditJobContentView.swift in Sources */ = {isa = PBXBuildFile; fileRef = B9C31FEB2940291900F2AF21 /* EditJobContentView.swift */; };
		B9C54105293ADEB400D5C5E6 /* JobDetailsViewController.swift in Sources */ = {isa = PBXBuildFile; fileRef = B9C54104293ADEB400D5C5E6 /* JobDetailsViewController.swift */; };
		B9C54107293AE11700D5C5E6 /* SingleDetailView.swift in Sources */ = {isa = PBXBuildFile; fileRef = B9C54106293AE11700D5C5E6 /* SingleDetailView.swift */; };
		B9CD50342A45B13600D826FC /* SearchResultTableViewCell.swift in Sources */ = {isa = PBXBuildFile; fileRef = B9CD50332A45B13600D826FC /* SearchResultTableViewCell.swift */; };
		B9D3B6CB2937641B004CB5A4 /* AddJobContentView.swift in Sources */ = {isa = PBXBuildFile; fileRef = B9D3B6CA2937641B004CB5A4 /* AddJobContentView.swift */; };
		B9D3B6CD29376592004CB5A4 /* SelectJobStatusView.swift in Sources */ = {isa = PBXBuildFile; fileRef = B9D3B6CC29376592004CB5A4 /* SelectJobStatusView.swift */; };
/* End PBXBuildFile section */

/* Begin PBXContainerItemProxy section */
		B9D05F6F2A2A984A005CE12A /* PBXContainerItemProxy */ = {
			isa = PBXContainerItemProxy;
			containerPortal = B9B5CAC5292EBA7200C7EC58 /* Project object */;
			proxyType = 1;
			remoteGlobalIDString = B9B5CACC292EBA7200C7EC58;
			remoteInfo = JobTracker;
		};
/* End PBXContainerItemProxy section */

/* Begin PBXFileReference section */
		B904B08C29359309008BE140 /* Nunito-Regular.ttf */ = {isa = PBXFileReference; lastKnownFileType = file; path = "Nunito-Regular.ttf"; sourceTree = "<group>"; };
		B904B08D29359317008BE140 /* Nunito-SemiBold.ttf */ = {isa = PBXFileReference; lastKnownFileType = file; path = "Nunito-SemiBold.ttf"; sourceTree = "<group>"; };
		B904B08E29359325008BE140 /* Nunito-Light.ttf */ = {isa = PBXFileReference; lastKnownFileType = file; path = "Nunito-Light.ttf"; sourceTree = "<group>"; };
		B904B09429359788008BE140 /* DashboardContentView.swift */ = {isa = PBXFileReference; lastKnownFileType = sourcecode.swift; path = DashboardContentView.swift; sourceTree = "<group>"; };
		B904B0982936204C008BE140 /* JobData.swift */ = {isa = PBXFileReference; lastKnownFileType = sourcecode.swift; path = JobData.swift; sourceTree = "<group>"; };
		B904B09A29362421008BE140 /* HeaderView.swift */ = {isa = PBXFileReference; lastKnownFileType = sourcecode.swift; path = HeaderView.swift; sourceTree = "<group>"; };
		B93F35D92A2F4E3D0024C547 /* AddEditViewModel.swift */ = {isa = PBXFileReference; lastKnownFileType = sourcecode.swift; path = AddEditViewModel.swift; sourceTree = "<group>"; };
		B953FD822A3C7F5700DEDB1A /* APIConstants.swift */ = {isa = PBXFileReference; lastKnownFileType = sourcecode.swift; path = APIConstants.swift; sourceTree = "<group>"; };
		B953FD842A3C817A00DEDB1A /* JobSearchView.swift */ = {isa = PBXFileReference; lastKnownFileType = sourcecode.swift; path = JobSearchView.swift; sourceTree = "<group>"; };
		B95A3E342937EAAB00518CA3 /* JobList.xcdatamodel */ = {isa = PBXFileReference; lastKnownFileType = wrapper.xcdatamodel; path = JobList.xcdatamodel; sourceTree = "<group>"; };
		B95A3E362937EBFC00518CA3 /* Job+CoreDataClass.swift */ = {isa = PBXFileReference; lastKnownFileType = sourcecode.swift; path = "Job+CoreDataClass.swift"; sourceTree = "<group>"; };
		B95A3E372937EBFC00518CA3 /* Job+CoreDataProperties.swift */ = {isa = PBXFileReference; lastKnownFileType = sourcecode.swift; path = "Job+CoreDataProperties.swift"; sourceTree = "<group>"; };
		B95A3E3A2937ECB000518CA3 /* DataManager.swift */ = {isa = PBXFileReference; fileEncoding = 4; lastKnownFileType = sourcecode.swift; path = DataManager.swift; sourceTree = "<group>"; };
		B96767162A2EAE4A00B2201B /* Colors.swift */ = {isa = PBXFileReference; lastKnownFileType = sourcecode.swift; path = Colors.swift; sourceTree = "<group>"; };
		B976797C2942070C00F78490 /* NotesFieldView.swift */ = {isa = PBXFileReference; lastKnownFileType = sourcecode.swift; path = NotesFieldView.swift; sourceTree = "<group>"; };
		B97979B92938CF4300F46578 /* TextFieldView.swift */ = {isa = PBXFileReference; lastKnownFileType = sourcecode.swift; path = TextFieldView.swift; sourceTree = "<group>"; };
		B97979BB2938D21B00F46578 /* TextFieldStackView.swift */ = {isa = PBXFileReference; lastKnownFileType = sourcecode.swift; path = TextFieldStackView.swift; sourceTree = "<group>"; };
		B97C8533297AC8CA0049C636 /* DateFieldView.swift */ = {isa = PBXFileReference; lastKnownFileType = sourcecode.swift; path = DateFieldView.swift; sourceTree = "<group>"; };
		B97E56D52A281E0700661396 /* LaunchView.swift */ = {isa = PBXFileReference; lastKnownFileType = sourcecode.swift; path = LaunchView.swift; sourceTree = "<group>"; };
		B97E56DB2A28204500661396 /* LaunchViewController.swift */ = {isa = PBXFileReference; lastKnownFileType = sourcecode.swift; path = LaunchViewController.swift; sourceTree = "<group>"; };
		B97E56DD2A2824BF00661396 /* LaunchScreen.storyboard */ = {isa = PBXFileReference; fileEncoding = 4; lastKnownFileType = file.storyboard; path = LaunchScreen.storyboard; sourceTree = "<group>"; };
		B98B1FB22A1B810C0045D3F9 /* DashboardViewModel.swift */ = {isa = PBXFileReference; lastKnownFileType = sourcecode.swift; path = DashboardViewModel.swift; sourceTree = "<group>"; };
		B98C1E60296CBD830059E95D /* HeaderCollectionReusableView.swift */ = {isa = PBXFileReference; lastKnownFileType = sourcecode.swift; path = HeaderCollectionReusableView.swift; sourceTree = "<group>"; };
		B99A78EA293AEAAB001A5996 /* DetailsStackView.swift */ = {isa = PBXFileReference; lastKnownFileType = sourcecode.swift; path = DetailsStackView.swift; sourceTree = "<group>"; };
		B9B26F592A3B2E5D0008FBA5 /* JobSearchViewController.swift */ = {isa = PBXFileReference; lastKnownFileType = sourcecode.swift; path = JobSearchViewController.swift; sourceTree = "<group>"; };
		B9B5CACD292EBA7200C7EC58 /* JobTracker.app */ = {isa = PBXFileReference; explicitFileType = wrapper.application; includeInIndex = 0; path = JobTracker.app; sourceTree = BUILT_PRODUCTS_DIR; };
		B9B5CAD0292EBA7200C7EC58 /* AppDelegate.swift */ = {isa = PBXFileReference; lastKnownFileType = sourcecode.swift; path = AppDelegate.swift; sourceTree = "<group>"; };
		B9B5CAD2292EBA7200C7EC58 /* SceneDelegate.swift */ = {isa = PBXFileReference; lastKnownFileType = sourcecode.swift; path = SceneDelegate.swift; sourceTree = "<group>"; };
		B9B5CAD4292EBA7200C7EC58 /* DashboardViewController.swift */ = {isa = PBXFileReference; lastKnownFileType = sourcecode.swift; path = DashboardViewController.swift; sourceTree = "<group>"; };
		B9B5CAD9292EBA7300C7EC58 /* Assets.xcassets */ = {isa = PBXFileReference; lastKnownFileType = folder.assetcatalog; path = Assets.xcassets; sourceTree = "<group>"; };
		B9B5CADE292EBA7300C7EC58 /* Info.plist */ = {isa = PBXFileReference; lastKnownFileType = text.plist.xml; path = Info.plist; sourceTree = "<group>"; };
		B9BF4C8E2943EEEF005D7D39 /* SettingsViewController.swift */ = {isa = PBXFileReference; lastKnownFileType = sourcecode.swift; path = SettingsViewController.swift; sourceTree = "<group>"; };
		B9BF4C902943F5BC005D7D39 /* SettingsView.swift */ = {isa = PBXFileReference; lastKnownFileType = sourcecode.swift; path = SettingsView.swift; sourceTree = "<group>"; };
		B9C03F1229367D0400ED2AD7 /* AddJobViewController.swift */ = {isa = PBXFileReference; lastKnownFileType = sourcecode.swift; path = AddJobViewController.swift; sourceTree = "<group>"; };
		B9C03F142936808B00ED2AD7 /* StatusBoxView.swift */ = {isa = PBXFileReference; lastKnownFileType = sourcecode.swift; path = StatusBoxView.swift; sourceTree = "<group>"; };
		B9C03F162936832E00ED2AD7 /* StatusBoxesStackView.swift */ = {isa = PBXFileReference; lastKnownFileType = sourcecode.swift; path = StatusBoxesStackView.swift; sourceTree = "<group>"; };
		B9C03F182936CB5500ED2AD7 /* DashboardCollectionViewCell.swift */ = {isa = PBXFileReference; lastKnownFileType = sourcecode.swift; path = DashboardCollectionViewCell.swift; sourceTree = "<group>"; };
		B9C31FE9294028DE00F2AF21 /* EditJobViewController.swift */ = {isa = PBXFileReference; lastKnownFileType = sourcecode.swift; path = EditJobViewController.swift; sourceTree = "<group>"; };
		B9C31FEB2940291900F2AF21 /* EditJobContentView.swift */ = {isa = PBXFileReference; lastKnownFileType = sourcecode.swift; path = EditJobContentView.swift; sourceTree = "<group>"; };
		B9C54104293ADEB400D5C5E6 /* JobDetailsViewController.swift */ = {isa = PBXFileReference; lastKnownFileType = sourcecode.swift; path = JobDetailsViewController.swift; sourceTree = "<group>"; };
		B9C54106293AE11700D5C5E6 /* SingleDetailView.swift */ = {isa = PBXFileReference; lastKnownFileType = sourcecode.swift; path = SingleDetailView.swift; sourceTree = "<group>"; };
		B9CD50332A45B13600D826FC /* SearchResultTableViewCell.swift */ = {isa = PBXFileReference; lastKnownFileType = sourcecode.swift; path = SearchResultTableViewCell.swift; sourceTree = "<group>"; };
		B9D05F6B2A2A984A005CE12A /* JobTrackerTests.xctest */ = {isa = PBXFileReference; explicitFileType = wrapper.cfbundle; includeInIndex = 0; path = JobTrackerTests.xctest; sourceTree = BUILT_PRODUCTS_DIR; };
		B9D3B6CA2937641B004CB5A4 /* AddJobContentView.swift */ = {isa = PBXFileReference; lastKnownFileType = sourcecode.swift; path = AddJobContentView.swift; sourceTree = "<group>"; };
		B9D3B6CC29376592004CB5A4 /* SelectJobStatusView.swift */ = {isa = PBXFileReference; lastKnownFileType = sourcecode.swift; path = SelectJobStatusView.swift; sourceTree = "<group>"; };
/* End PBXFileReference section */

/* Begin PBXFrameworksBuildPhase section */
		B9B5CACA292EBA7200C7EC58 /* Frameworks */ = {
			isa = PBXFrameworksBuildPhase;
			buildActionMask = 2147483647;
			files = (
			);
			runOnlyForDeploymentPostprocessing = 0;
		};
		B9D05F682A2A984A005CE12A /* Frameworks */ = {
			isa = PBXFrameworksBuildPhase;
			buildActionMask = 2147483647;
			files = (
			);
			runOnlyForDeploymentPostprocessing = 0;
		};
/* End PBXFrameworksBuildPhase section */

/* Begin PBXGroup section */
		B904B0862935929A008BE140 /* Model */ = {
			isa = PBXGroup;
			children = (
				B904B0982936204C008BE140 /* JobData.swift */,
				B95A3E3A2937ECB000518CA3 /* DataManager.swift */,
				B95A3E332937EAAB00518CA3 /* JobList.xcdatamodeld */,
				B953FD822A3C7F5700DEDB1A /* APIConstants.swift */,
			);
			path = Model;
			sourceTree = "<group>";
		};
		B904B087293592A5008BE140 /* AddEditViews */ = {
			isa = PBXGroup;
			children = (
				B93F35D72A2F4E150024C547 /* View */,
				B93F35D82A2F4E200024C547 /* ViewModel */,
			);
			path = AddEditViews;
			sourceTree = "<group>";
		};
		B904B089293592CD008BE140 /* Controller */ = {
			isa = PBXGroup;
			children = (
				B9C03F1229367D0400ED2AD7 /* AddJobViewController.swift */,
				B9C31FE9294028DE00F2AF21 /* EditJobViewController.swift */,
			);
			path = Controller;
			sourceTree = "<group>";
		};
		B904B08A293592D5008BE140 /* Supporting Files */ = {
			isa = PBXGroup;
			children = (
				B96767162A2EAE4A00B2201B /* Colors.swift */,
				B904B08B293592FC008BE140 /* Nunito */,
				B9B5CAD0292EBA7200C7EC58 /* AppDelegate.swift */,
				B9B5CAD2292EBA7200C7EC58 /* SceneDelegate.swift */,
				B9B5CAD9292EBA7300C7EC58 /* Assets.xcassets */,
			);
			path = "Supporting Files";
			sourceTree = "<group>";
		};
		B904B08B293592FC008BE140 /* Nunito */ = {
			isa = PBXGroup;
			children = (
				B904B08C29359309008BE140 /* Nunito-Regular.ttf */,
				B904B08D29359317008BE140 /* Nunito-SemiBold.ttf */,
				B904B08E29359325008BE140 /* Nunito-Light.ttf */,
			);
			path = Nunito;
			sourceTree = "<group>";
		};
		B93F35D72A2F4E150024C547 /* View */ = {
			isa = PBXGroup;
			children = (
				B9D3B6CA2937641B004CB5A4 /* AddJobContentView.swift */,
				B9C31FEB2940291900F2AF21 /* EditJobContentView.swift */,
				B9D3B6CC29376592004CB5A4 /* SelectJobStatusView.swift */,
				B97979B92938CF4300F46578 /* TextFieldView.swift */,
				B976797C2942070C00F78490 /* NotesFieldView.swift */,
				B97C8533297AC8CA0049C636 /* DateFieldView.swift */,
				B97979BB2938D21B00F46578 /* TextFieldStackView.swift */,
				B904B089293592CD008BE140 /* Controller */,
			);
			path = View;
			sourceTree = "<group>";
		};
		B93F35D82A2F4E200024C547 /* ViewModel */ = {
			isa = PBXGroup;
			children = (
				B93F35D92A2F4E3D0024C547 /* AddEditViewModel.swift */,
			);
			path = ViewModel;
			sourceTree = "<group>";
		};
		B953FD7D2A3C780000DEDB1A /* DetailViews */ = {
			isa = PBXGroup;
			children = (
				B953FD7E2A3C780C00DEDB1A /* View */,
			);
			path = DetailViews;
			sourceTree = "<group>";
		};
		B953FD7E2A3C780C00DEDB1A /* View */ = {
			isa = PBXGroup;
			children = (
				B9C54106293AE11700D5C5E6 /* SingleDetailView.swift */,
				B99A78EA293AEAAB001A5996 /* DetailsStackView.swift */,
				B953FD7F2A3C781000DEDB1A /* Controller */,
			);
			path = View;
			sourceTree = "<group>";
		};
		B953FD7F2A3C781000DEDB1A /* Controller */ = {
			isa = PBXGroup;
			children = (
				B9C54104293ADEB400D5C5E6 /* JobDetailsViewController.swift */,
			);
			path = Controller;
			sourceTree = "<group>";
		};
		B97E56D32A281DD000661396 /* Launch */ = {
			isa = PBXGroup;
			children = (
				B97E56D52A281E0700661396 /* LaunchView.swift */,
				B97E56D42A281DD800661396 /* Controller */,
			);
			path = Launch;
			sourceTree = "<group>";
		};
		B97E56D42A281DD800661396 /* Controller */ = {
			isa = PBXGroup;
			children = (
				B97E56DB2A28204500661396 /* LaunchViewController.swift */,
			);
			path = Controller;
			sourceTree = "<group>";
		};
		B98B1FB12A1B80EA0045D3F9 /* ViewModel */ = {
			isa = PBXGroup;
			children = (
				B98B1FB22A1B810C0045D3F9 /* DashboardViewModel.swift */,
			);
			path = ViewModel;
			sourceTree = "<group>";
		};
		B9B26F572A3B2E380008FBA5 /* JobSearchView */ = {
			isa = PBXGroup;
			children = (
				B9B26F582A3B2E4C0008FBA5 /* Controller */,
				B953FD842A3C817A00DEDB1A /* JobSearchView.swift */,
				B9CD50332A45B13600D826FC /* SearchResultTableViewCell.swift */,
			);
			path = JobSearchView;
			sourceTree = "<group>";
		};
		B9B26F582A3B2E4C0008FBA5 /* Controller */ = {
			isa = PBXGroup;
			children = (
				B9B26F592A3B2E5D0008FBA5 /* JobSearchViewController.swift */,
			);
			path = Controller;
			sourceTree = "<group>";
		};
		B9B5CAC4292EBA7200C7EC58 = {
			isa = PBXGroup;
			children = (
				B95A3E362937EBFC00518CA3 /* Job+CoreDataClass.swift */,
				B95A3E372937EBFC00518CA3 /* Job+CoreDataProperties.swift */,
				B9B5CACF292EBA7200C7EC58 /* JobTracker */,
				B9B5CACE292EBA7200C7EC58 /* Products */,
			);
			sourceTree = "<group>";
		};
		B9B5CACE292EBA7200C7EC58 /* Products */ = {
			isa = PBXGroup;
			children = (
				B9B5CACD292EBA7200C7EC58 /* JobTracker.app */,
				B9D05F6B2A2A984A005CE12A /* JobTrackerTests.xctest */,
			);
			name = Products;
			sourceTree = "<group>";
		};
		B9B5CACF292EBA7200C7EC58 /* JobTracker */ = {
			isa = PBXGroup;
			children = (
				B904B0862935929A008BE140 /* Model */,
				B97E56D32A281DD000661396 /* Launch */,
				B9D05F742A2A9B8E005CE12A /* DashboardView */,
				B953FD7D2A3C780000DEDB1A /* DetailViews */,
				B904B087293592A5008BE140 /* AddEditViews */,
				B9D05F7A2A2A9C89005CE12A /* SettingsView */,
				B9B26F572A3B2E380008FBA5 /* JobSearchView */,
				B904B08A293592D5008BE140 /* Supporting Files */,
				B9B5CADE292EBA7300C7EC58 /* Info.plist */,
				B97E56DD2A2824BF00661396 /* LaunchScreen.storyboard */,
			);
			path = JobTracker;
			sourceTree = "<group>";
		};
		B9D05F742A2A9B8E005CE12A /* DashboardView */ = {
			isa = PBXGroup;
			children = (
				B9D05F762A2A9BC6005CE12A /* View */,
				B98B1FB12A1B80EA0045D3F9 /* ViewModel */,
			);
			path = DashboardView;
			sourceTree = "<group>";
		};
		B9D05F752A2A9BAF005CE12A /* Controller */ = {
			isa = PBXGroup;
			children = (
				B9B5CAD4292EBA7200C7EC58 /* DashboardViewController.swift */,
			);
			path = Controller;
			sourceTree = "<group>";
		};
		B9D05F762A2A9BC6005CE12A /* View */ = {
			isa = PBXGroup;
			children = (
				B904B09429359788008BE140 /* DashboardContentView.swift */,
				B904B09A29362421008BE140 /* HeaderView.swift */,
				B9C03F182936CB5500ED2AD7 /* DashboardCollectionViewCell.swift */,
				B9C03F142936808B00ED2AD7 /* StatusBoxView.swift */,
				B9C03F162936832E00ED2AD7 /* StatusBoxesStackView.swift */,
				B98C1E60296CBD830059E95D /* HeaderCollectionReusableView.swift */,
				B9D05F752A2A9BAF005CE12A /* Controller */,
			);
			path = View;
			sourceTree = "<group>";
		};
		B9D05F7A2A2A9C89005CE12A /* SettingsView */ = {
			isa = PBXGroup;
			children = (
				B9BF4C902943F5BC005D7D39 /* SettingsView.swift */,
				B9D05F7C2A2A9C9E005CE12A /* Controller */,
			);
			path = SettingsView;
			sourceTree = "<group>";
		};
		B9D05F7C2A2A9C9E005CE12A /* Controller */ = {
			isa = PBXGroup;
			children = (
				B9BF4C8E2943EEEF005D7D39 /* SettingsViewController.swift */,
			);
			path = Controller;
			sourceTree = "<group>";
		};
/* End PBXGroup section */

/* Begin PBXNativeTarget section */
		B9B5CACC292EBA7200C7EC58 /* JobTracker */ = {
			isa = PBXNativeTarget;
			buildConfigurationList = B9B5CAE1292EBA7300C7EC58 /* Build configuration list for PBXNativeTarget "JobTracker" */;
			buildPhases = (
				B9B5CAC9292EBA7200C7EC58 /* Sources */,
				B9B5CACA292EBA7200C7EC58 /* Frameworks */,
				B9B5CACB292EBA7200C7EC58 /* Resources */,
				B9767CDB2936CE6900008525 /* Display Warnings for TODOs and FIXMEs */,
			);
			buildRules = (
			);
			dependencies = (
			);
			name = JobTracker;
			productName = JobTracker;
			productReference = B9B5CACD292EBA7200C7EC58 /* JobTracker.app */;
			productType = "com.apple.product-type.application";
		};
		B9D05F6A2A2A984A005CE12A /* JobTrackerTests */ = {
			isa = PBXNativeTarget;
			buildConfigurationList = B9D05F732A2A984A005CE12A /* Build configuration list for PBXNativeTarget "JobTrackerTests" */;
			buildPhases = (
				B9D05F672A2A984A005CE12A /* Sources */,
				B9D05F682A2A984A005CE12A /* Frameworks */,
				B9D05F692A2A984A005CE12A /* Resources */,
			);
			buildRules = (
			);
			dependencies = (
				B9D05F702A2A984A005CE12A /* PBXTargetDependency */,
			);
			name = JobTrackerTests;
			productName = JobTrackerTests;
			productReference = B9D05F6B2A2A984A005CE12A /* JobTrackerTests.xctest */;
			productType = "com.apple.product-type.bundle.unit-test";
		};
/* End PBXNativeTarget section */

/* Begin PBXProject section */
		B9B5CAC5292EBA7200C7EC58 /* Project object */ = {
			isa = PBXProject;
			attributes = {
				BuildIndependentTargetsInParallel = 1;
				LastSwiftUpdateCheck = 1430;
				LastUpgradeCheck = 1400;
				TargetAttributes = {
					B9B5CACC292EBA7200C7EC58 = {
						CreatedOnToolsVersion = 14.0.1;
					};
					B9D05F6A2A2A984A005CE12A = {
						CreatedOnToolsVersion = 14.3;
						TestTargetID = B9B5CACC292EBA7200C7EC58;
					};
				};
			};
			buildConfigurationList = B9B5CAC8292EBA7200C7EC58 /* Build configuration list for PBXProject "JobTracker" */;
			compatibilityVersion = "Xcode 14.0";
			developmentRegion = en;
			hasScannedForEncodings = 0;
			knownRegions = (
				en,
				Base,
			);
			mainGroup = B9B5CAC4292EBA7200C7EC58;
			productRefGroup = B9B5CACE292EBA7200C7EC58 /* Products */;
			projectDirPath = "";
			projectRoot = "";
			targets = (
				B9B5CACC292EBA7200C7EC58 /* JobTracker */,
				B9D05F6A2A2A984A005CE12A /* JobTrackerTests */,
			);
		};
/* End PBXProject section */

/* Begin PBXResourcesBuildPhase section */
		B9B5CACB292EBA7200C7EC58 /* Resources */ = {
			isa = PBXResourcesBuildPhase;
			buildActionMask = 2147483647;
			files = (
				B904B09029359335008BE140 /* Nunito-SemiBold.ttf in Resources */,
				B904B09129359337008BE140 /* Nunito-Light.ttf in Resources */,
				B904B08F29359332008BE140 /* Nunito-Regular.ttf in Resources */,
				B97E56DE2A2824BF00661396 /* LaunchScreen.storyboard in Resources */,
				B9B5CADA292EBA7300C7EC58 /* Assets.xcassets in Resources */,
			);
			runOnlyForDeploymentPostprocessing = 0;
		};
		B9D05F692A2A984A005CE12A /* Resources */ = {
			isa = PBXResourcesBuildPhase;
			buildActionMask = 2147483647;
			files = (
			);
			runOnlyForDeploymentPostprocessing = 0;
		};
/* End PBXResourcesBuildPhase section */

/* Begin PBXShellScriptBuildPhase section */
		B9767CDB2936CE6900008525 /* Display Warnings for TODOs and FIXMEs */ = {
			isa = PBXShellScriptBuildPhase;
			buildActionMask = 2147483647;
			files = (
			);
			inputFileListPaths = (
			);
			inputPaths = (
			);
			name = "Display Warnings for TODOs and FIXMEs";
			outputFileListPaths = (
			);
			outputPaths = (
			);
			runOnlyForDeploymentPostprocessing = 0;
			shellPath = /bin/sh;
			shellScript = "# Type a script or drag a script file from your workspace to insert its path.\nTAGS=\"TODO:|FIXME:|WARNING:\"\nERRORTAG=\"ERROR:\"\nfind \"${SRCROOT}\" \\( -name \"*.h\" -or -name \"*.m\" -or -name \"*.swift\" \\) -print0 | xargs -0 egrep --with-filename --line-number --only-matching \"($TAGS).*\\$|($ERRORTAG).*\\$\" | perl -p -e \"s/($TAGS)/ warning: \\$1/\"| perl -p -e \"s/($ERRORTAG)/ error: \\$1/\"\n";
		};
/* End PBXShellScriptBuildPhase section */

/* Begin PBXSourcesBuildPhase section */
		B9B5CAC9292EBA7200C7EC58 /* Sources */ = {
			isa = PBXSourcesBuildPhase;
			buildActionMask = 2147483647;
			files = (
				B9B5CAD5292EBA7200C7EC58 /* DashboardViewController.swift in Sources */,
				B98B1FB32A1B810C0045D3F9 /* DashboardViewModel.swift in Sources */,
				B98C1E61296CBD830059E95D /* HeaderCollectionReusableView.swift in Sources */,
				B95A3E3B2937ECB000518CA3 /* DataManager.swift in Sources */,
				B95A3E382937EBFC00518CA3 /* Job+CoreDataClass.swift in Sources */,
				B97E56D62A281E0700661396 /* LaunchView.swift in Sources */,
				B97979BC2938D21B00F46578 /* TextFieldStackView.swift in Sources */,
				B9D3B6CB2937641B004CB5A4 /* AddJobContentView.swift in Sources */,
				B904B0992936204C008BE140 /* JobData.swift in Sources */,
				B9C31FEA294028DE00F2AF21 /* EditJobViewController.swift in Sources */,
				B9CD50342A45B13600D826FC /* SearchResultTableViewCell.swift in Sources */,
				B9B26F5A2A3B2E5D0008FBA5 /* JobSearchViewController.swift in Sources */,
				B976797D2942070C00F78490 /* NotesFieldView.swift in Sources */,
				B9BF4C8F2943EEEF005D7D39 /* SettingsViewController.swift in Sources */,
				B9C54105293ADEB400D5C5E6 /* JobDetailsViewController.swift in Sources */,
				B904B09529359788008BE140 /* DashboardContentView.swift in Sources */,
				B953FD852A3C817A00DEDB1A /* JobSearchView.swift in Sources */,
				B97979BA2938CF4300F46578 /* TextFieldView.swift in Sources */,
				B9C03F192936CB5500ED2AD7 /* DashboardCollectionViewCell.swift in Sources */,
				B9B5CAD1292EBA7200C7EC58 /* AppDelegate.swift in Sources */,
				B97C8534297AC8CA0049C636 /* DateFieldView.swift in Sources */,
				B97E56DC2A28204500661396 /* LaunchViewController.swift in Sources */,
				B9B5CAD3292EBA7200C7EC58 /* SceneDelegate.swift in Sources */,
				B99A78EB293AEAAB001A5996 /* DetailsStackView.swift in Sources */,
				B9C03F1329367D0400ED2AD7 /* AddJobViewController.swift in Sources */,
				B9C31FEC2940291900F2AF21 /* EditJobContentView.swift in Sources */,
				B9C03F152936808B00ED2AD7 /* StatusBoxView.swift in Sources */,
				B93F35DA2A2F4E3D0024C547 /* AddEditViewModel.swift in Sources */,
				B904B09B29362421008BE140 /* HeaderView.swift in Sources */,
				B96767172A2EAE4A00B2201B /* Colors.swift in Sources */,
				B95A3E392937EBFC00518CA3 /* Job+CoreDataProperties.swift in Sources */,
				B9D3B6CD29376592004CB5A4 /* SelectJobStatusView.swift in Sources */,
				B9C54107293AE11700D5C5E6 /* SingleDetailView.swift in Sources */,
				B953FD832A3C7F5700DEDB1A /* APIConstants.swift in Sources */,
				B95A3E352937EAAB00518CA3 /* JobList.xcdatamodeld in Sources */,
				B9C03F172936832E00ED2AD7 /* StatusBoxesStackView.swift in Sources */,
				B9BF4C912943F5BC005D7D39 /* SettingsView.swift in Sources */,
			);
			runOnlyForDeploymentPostprocessing = 0;
		};
		B9D05F672A2A984A005CE12A /* Sources */ = {
			isa = PBXSourcesBuildPhase;
			buildActionMask = 2147483647;
			files = (
			);
			runOnlyForDeploymentPostprocessing = 0;
		};
/* End PBXSourcesBuildPhase section */

/* Begin PBXTargetDependency section */
		B9D05F702A2A984A005CE12A /* PBXTargetDependency */ = {
			isa = PBXTargetDependency;
			target = B9B5CACC292EBA7200C7EC58 /* JobTracker */;
			targetProxy = B9D05F6F2A2A984A005CE12A /* PBXContainerItemProxy */;
		};
/* End PBXTargetDependency section */

/* Begin XCBuildConfiguration section */
		B9B5CADF292EBA7300C7EC58 /* Debug */ = {
			isa = XCBuildConfiguration;
			buildSettings = {
				ALWAYS_SEARCH_USER_PATHS = NO;
				CLANG_ANALYZER_NONNULL = YES;
				CLANG_ANALYZER_NUMBER_OBJECT_CONVERSION = YES_AGGRESSIVE;
				CLANG_CXX_LANGUAGE_STANDARD = "gnu++20";
				CLANG_ENABLE_MODULES = YES;
				CLANG_ENABLE_OBJC_ARC = YES;
				CLANG_ENABLE_OBJC_WEAK = YES;
				CLANG_WARN_BLOCK_CAPTURE_AUTORELEASING = YES;
				CLANG_WARN_BOOL_CONVERSION = YES;
				CLANG_WARN_COMMA = YES;
				CLANG_WARN_CONSTANT_CONVERSION = YES;
				CLANG_WARN_DEPRECATED_OBJC_IMPLEMENTATIONS = YES;
				CLANG_WARN_DIRECT_OBJC_ISA_USAGE = YES_ERROR;
				CLANG_WARN_DOCUMENTATION_COMMENTS = YES;
				CLANG_WARN_EMPTY_BODY = YES;
				CLANG_WARN_ENUM_CONVERSION = YES;
				CLANG_WARN_INFINITE_RECURSION = YES;
				CLANG_WARN_INT_CONVERSION = YES;
				CLANG_WARN_NON_LITERAL_NULL_CONVERSION = YES;
				CLANG_WARN_OBJC_IMPLICIT_RETAIN_SELF = YES;
				CLANG_WARN_OBJC_LITERAL_CONVERSION = YES;
				CLANG_WARN_OBJC_ROOT_CLASS = YES_ERROR;
				CLANG_WARN_QUOTED_INCLUDE_IN_FRAMEWORK_HEADER = YES;
				CLANG_WARN_RANGE_LOOP_ANALYSIS = YES;
				CLANG_WARN_STRICT_PROTOTYPES = YES;
				CLANG_WARN_SUSPICIOUS_MOVE = YES;
				CLANG_WARN_UNGUARDED_AVAILABILITY = YES_AGGRESSIVE;
				CLANG_WARN_UNREACHABLE_CODE = YES;
				CLANG_WARN__DUPLICATE_METHOD_MATCH = YES;
				COPY_PHASE_STRIP = NO;
				DEBUG_INFORMATION_FORMAT = dwarf;
				ENABLE_STRICT_OBJC_MSGSEND = YES;
				ENABLE_TESTABILITY = YES;
				GCC_C_LANGUAGE_STANDARD = gnu11;
				GCC_DYNAMIC_NO_PIC = NO;
				GCC_NO_COMMON_BLOCKS = YES;
				GCC_OPTIMIZATION_LEVEL = 0;
				GCC_PREPROCESSOR_DEFINITIONS = (
					"DEBUG=1",
					"$(inherited)",
				);
				GCC_WARN_64_TO_32_BIT_CONVERSION = YES;
				GCC_WARN_ABOUT_RETURN_TYPE = YES_ERROR;
				GCC_WARN_UNDECLARED_SELECTOR = YES;
				GCC_WARN_UNINITIALIZED_AUTOS = YES_AGGRESSIVE;
				GCC_WARN_UNUSED_FUNCTION = YES;
				GCC_WARN_UNUSED_VARIABLE = YES;
				IPHONEOS_DEPLOYMENT_TARGET = 16.1;
				MTL_ENABLE_DEBUG_INFO = INCLUDE_SOURCE;
				MTL_FAST_MATH = YES;
				ONLY_ACTIVE_ARCH = YES;
				SDKROOT = iphoneos;
				SWIFT_ACTIVE_COMPILATION_CONDITIONS = DEBUG;
				SWIFT_OPTIMIZATION_LEVEL = "-Onone";
			};
			name = Debug;
		};
		B9B5CAE0292EBA7300C7EC58 /* Release */ = {
			isa = XCBuildConfiguration;
			buildSettings = {
				ALWAYS_SEARCH_USER_PATHS = NO;
				CLANG_ANALYZER_NONNULL = YES;
				CLANG_ANALYZER_NUMBER_OBJECT_CONVERSION = YES_AGGRESSIVE;
				CLANG_CXX_LANGUAGE_STANDARD = "gnu++20";
				CLANG_ENABLE_MODULES = YES;
				CLANG_ENABLE_OBJC_ARC = YES;
				CLANG_ENABLE_OBJC_WEAK = YES;
				CLANG_WARN_BLOCK_CAPTURE_AUTORELEASING = YES;
				CLANG_WARN_BOOL_CONVERSION = YES;
				CLANG_WARN_COMMA = YES;
				CLANG_WARN_CONSTANT_CONVERSION = YES;
				CLANG_WARN_DEPRECATED_OBJC_IMPLEMENTATIONS = YES;
				CLANG_WARN_DIRECT_OBJC_ISA_USAGE = YES_ERROR;
				CLANG_WARN_DOCUMENTATION_COMMENTS = YES;
				CLANG_WARN_EMPTY_BODY = YES;
				CLANG_WARN_ENUM_CONVERSION = YES;
				CLANG_WARN_INFINITE_RECURSION = YES;
				CLANG_WARN_INT_CONVERSION = YES;
				CLANG_WARN_NON_LITERAL_NULL_CONVERSION = YES;
				CLANG_WARN_OBJC_IMPLICIT_RETAIN_SELF = YES;
				CLANG_WARN_OBJC_LITERAL_CONVERSION = YES;
				CLANG_WARN_OBJC_ROOT_CLASS = YES_ERROR;
				CLANG_WARN_QUOTED_INCLUDE_IN_FRAMEWORK_HEADER = YES;
				CLANG_WARN_RANGE_LOOP_ANALYSIS = YES;
				CLANG_WARN_STRICT_PROTOTYPES = YES;
				CLANG_WARN_SUSPICIOUS_MOVE = YES;
				CLANG_WARN_UNGUARDED_AVAILABILITY = YES_AGGRESSIVE;
				CLANG_WARN_UNREACHABLE_CODE = YES;
				CLANG_WARN__DUPLICATE_METHOD_MATCH = YES;
				COPY_PHASE_STRIP = NO;
				DEBUG_INFORMATION_FORMAT = "dwarf-with-dsym";
				ENABLE_NS_ASSERTIONS = NO;
				ENABLE_STRICT_OBJC_MSGSEND = YES;
				GCC_C_LANGUAGE_STANDARD = gnu11;
				GCC_NO_COMMON_BLOCKS = YES;
				GCC_WARN_64_TO_32_BIT_CONVERSION = YES;
				GCC_WARN_ABOUT_RETURN_TYPE = YES_ERROR;
				GCC_WARN_UNDECLARED_SELECTOR = YES;
				GCC_WARN_UNINITIALIZED_AUTOS = YES_AGGRESSIVE;
				GCC_WARN_UNUSED_FUNCTION = YES;
				GCC_WARN_UNUSED_VARIABLE = YES;
				IPHONEOS_DEPLOYMENT_TARGET = 16.1;
				MTL_ENABLE_DEBUG_INFO = NO;
				MTL_FAST_MATH = YES;
				SDKROOT = iphoneos;
				SWIFT_COMPILATION_MODE = wholemodule;
				SWIFT_OPTIMIZATION_LEVEL = "-O";
				VALIDATE_PRODUCT = YES;
			};
			name = Release;
		};
		B9B5CAE2292EBA7300C7EC58 /* Debug */ = {
			isa = XCBuildConfiguration;
			buildSettings = {
				ASSETCATALOG_COMPILER_APPICON_NAME = AppIcon;
				ASSETCATALOG_COMPILER_GLOBAL_ACCENT_COLOR_NAME = AccentColor;
				CODE_SIGN_STYLE = Automatic;
				CURRENT_PROJECT_VERSION = 1;
				DEVELOPMENT_TEAM = 794RQQKASN;
				GENERATE_INFOPLIST_FILE = YES;
				INFOPLIST_FILE = JobTracker/Info.plist;
				INFOPLIST_KEY_CFBundleDisplayName = "JobApp Tracker";
				INFOPLIST_KEY_UIApplicationSupportsIndirectInputEvents = YES;
				INFOPLIST_KEY_UIStatusBarStyle = UIStatusBarStyleDarkContent;
				INFOPLIST_KEY_UISupportedInterfaceOrientations = UIInterfaceOrientationPortrait;
				INFOPLIST_KEY_UISupportedInterfaceOrientations_iPad = "UIInterfaceOrientationLandscapeLeft UIInterfaceOrientationLandscapeRight UIInterfaceOrientationPortrait UIInterfaceOrientationPortraitUpsideDown";
				LD_RUNPATH_SEARCH_PATHS = (
					"$(inherited)",
					"@executable_path/Frameworks",
				);
				MARKETING_VERSION = 3.8;
				PRODUCT_BUNDLE_IDENTIFIER = me.frey.caroline.JobTracker;
				PRODUCT_NAME = "$(TARGET_NAME)";
				SWIFT_EMIT_LOC_STRINGS = YES;
				SWIFT_VERSION = 5.0;
				TARGETED_DEVICE_FAMILY = "1,2";
			};
			name = Debug;
		};
		B9B5CAE3292EBA7300C7EC58 /* Release */ = {
			isa = XCBuildConfiguration;
			buildSettings = {
				ASSETCATALOG_COMPILER_APPICON_NAME = AppIcon;
				ASSETCATALOG_COMPILER_GLOBAL_ACCENT_COLOR_NAME = AccentColor;
				CODE_SIGN_STYLE = Automatic;
				CURRENT_PROJECT_VERSION = 1;
				DEVELOPMENT_TEAM = 794RQQKASN;
				GENERATE_INFOPLIST_FILE = YES;
				INFOPLIST_FILE = JobTracker/Info.plist;
				INFOPLIST_KEY_CFBundleDisplayName = "JobApp Tracker";
				INFOPLIST_KEY_UIApplicationSupportsIndirectInputEvents = YES;
				INFOPLIST_KEY_UIStatusBarStyle = UIStatusBarStyleDarkContent;
				INFOPLIST_KEY_UISupportedInterfaceOrientations = UIInterfaceOrientationPortrait;
				INFOPLIST_KEY_UISupportedInterfaceOrientations_iPad = "UIInterfaceOrientationLandscapeLeft UIInterfaceOrientationLandscapeRight UIInterfaceOrientationPortrait UIInterfaceOrientationPortraitUpsideDown";
				LD_RUNPATH_SEARCH_PATHS = (
					"$(inherited)",
					"@executable_path/Frameworks",
				);
				MARKETING_VERSION = 3.8;
				PRODUCT_BUNDLE_IDENTIFIER = me.frey.caroline.JobTracker;
				PRODUCT_NAME = "$(TARGET_NAME)";
				SWIFT_EMIT_LOC_STRINGS = YES;
				SWIFT_VERSION = 5.0;
				TARGETED_DEVICE_FAMILY = "1,2";
			};
			name = Release;
		};
		B9D05F712A2A984A005CE12A /* Debug */ = {
			isa = XCBuildConfiguration;
			buildSettings = {
				BUNDLE_LOADER = "$(TEST_HOST)";
				CODE_SIGN_STYLE = Automatic;
				CURRENT_PROJECT_VERSION = 1;
				DEVELOPMENT_TEAM = 794RQQKASN;
				GENERATE_INFOPLIST_FILE = YES;
				IPHONEOS_DEPLOYMENT_TARGET = 16.4;
				MACOSX_DEPLOYMENT_TARGET = 13.3;
				MARKETING_VERSION = 1.0;
				PRODUCT_BUNDLE_IDENTIFIER = me.frey.caroline.JobTrackerTests;
				PRODUCT_NAME = "$(TARGET_NAME)";
				SDKROOT = auto;
				SUPPORTED_PLATFORMS = "iphoneos iphonesimulator macosx";
				SWIFT_EMIT_LOC_STRINGS = NO;
				SWIFT_VERSION = 5.0;
				TARGETED_DEVICE_FAMILY = "1,2";
				TEST_HOST = "$(BUILT_PRODUCTS_DIR)/JobTracker.app/$(BUNDLE_EXECUTABLE_FOLDER_PATH)/JobTracker";
			};
			name = Debug;
		};
		B9D05F722A2A984A005CE12A /* Release */ = {
			isa = XCBuildConfiguration;
			buildSettings = {
				BUNDLE_LOADER = "$(TEST_HOST)";
				CODE_SIGN_STYLE = Automatic;
				CURRENT_PROJECT_VERSION = 1;
				DEVELOPMENT_TEAM = 794RQQKASN;
				GENERATE_INFOPLIST_FILE = YES;
				IPHONEOS_DEPLOYMENT_TARGET = 16.4;
				MACOSX_DEPLOYMENT_TARGET = 13.3;
				MARKETING_VERSION = 1.0;
				PRODUCT_BUNDLE_IDENTIFIER = me.frey.caroline.JobTrackerTests;
				PRODUCT_NAME = "$(TARGET_NAME)";
				SDKROOT = auto;
				SUPPORTED_PLATFORMS = "iphoneos iphonesimulator macosx";
				SWIFT_EMIT_LOC_STRINGS = NO;
				SWIFT_VERSION = 5.0;
				TARGETED_DEVICE_FAMILY = "1,2";
				TEST_HOST = "$(BUILT_PRODUCTS_DIR)/JobTracker.app/$(BUNDLE_EXECUTABLE_FOLDER_PATH)/JobTracker";
			};
			name = Release;
		};
/* End XCBuildConfiguration section */

/* Begin XCConfigurationList section */
		B9B5CAC8292EBA7200C7EC58 /* Build configuration list for PBXProject "JobTracker" */ = {
			isa = XCConfigurationList;
			buildConfigurations = (
				B9B5CADF292EBA7300C7EC58 /* Debug */,
				B9B5CAE0292EBA7300C7EC58 /* Release */,
			);
			defaultConfigurationIsVisible = 0;
			defaultConfigurationName = Release;
		};
		B9B5CAE1292EBA7300C7EC58 /* Build configuration list for PBXNativeTarget "JobTracker" */ = {
			isa = XCConfigurationList;
			buildConfigurations = (
				B9B5CAE2292EBA7300C7EC58 /* Debug */,
				B9B5CAE3292EBA7300C7EC58 /* Release */,
			);
			defaultConfigurationIsVisible = 0;
			defaultConfigurationName = Release;
		};
		B9D05F732A2A984A005CE12A /* Build configuration list for PBXNativeTarget "JobTrackerTests" */ = {
			isa = XCConfigurationList;
			buildConfigurations = (
				B9D05F712A2A984A005CE12A /* Debug */,
				B9D05F722A2A984A005CE12A /* Release */,
			);
			defaultConfigurationIsVisible = 0;
			defaultConfigurationName = Release;
		};
/* End XCConfigurationList section */

/* Begin XCVersionGroup section */
		B95A3E332937EAAB00518CA3 /* JobList.xcdatamodeld */ = {
			isa = XCVersionGroup;
			children = (
				B95A3E342937EAAB00518CA3 /* JobList.xcdatamodel */,
			);
			currentVersion = B95A3E342937EAAB00518CA3 /* JobList.xcdatamodel */;
			path = JobList.xcdatamodeld;
			sourceTree = "<group>";
			versionGroupType = wrapper.xcdatamodel;
		};
/* End XCVersionGroup section */
	};
	rootObject = B9B5CAC5292EBA7200C7EC58 /* Project object */;
}
